
Microsoft Visual Studio Solution File, Format Version 12.00
# Visual Studio Version 17
VisualStudioVersion = 17.8.34309.116
MinimumVisualStudioVersion = 10.0.40219.1
Project("{9A19103F-16F7-4668-BE54-9A1E7A4F7556}") = "CourseProvider", "CourseProvider\CourseProvider.csproj", "{F8B6E259-A3B3-400D-BA7F-E637ED6D7312}"
EndProject
Project("{9A19103F-16F7-4668-BE54-9A1E7A4F7556}") = "Infrastructure", "Infrastructure\Infrastructure.csproj", "{32E5124C-DBA9-4B3C-8DB2-4BF1379C2A9F}"
EndProject
Global
	GlobalSection(SolutionConfigurationPlatforms) = preSolution
		Debug|Any CPU = Debug|Any CPU
		Release|Any CPU = Release|Any CPU
	EndGlobalSection
	GlobalSection(ProjectConfigurationPlatforms) = postSolution
		{F8B6E259-A3B3-400D-BA7F-E637ED6D7312}.Debug|Any CPU.ActiveCfg = Debug|Any CPU
		{F8B6E259-A3B3-400D-BA7F-E637ED6D7312}.Debug|Any CPU.Build.0 = Debug|Any CPU
		{F8B6E259-A3B3-400D-BA7F-E637ED6D7312}.Release|Any CPU.ActiveCfg = Release|Any CPU
		{F8B6E259-A3B3-400D-BA7F-E637ED6D7312}.Release|Any CPU.Build.0 = Release|Any CPU
		{32E5124C-DBA9-4B3C-8DB2-4BF1379C2A9F}.Debug|Any CPU.ActiveCfg = Debug|Any CPU
		{32E5124C-DBA9-4B3C-8DB2-4BF1379C2A9F}.Debug|Any CPU.Build.0 = Debug|Any CPU
		{32E5124C-DBA9-4B3C-8DB2-4BF1379C2A9F}.Release|Any CPU.ActiveCfg = Release|Any CPU
		{32E5124C-DBA9-4B3C-8DB2-4BF1379C2A9F}.Release|Any CPU.Build.0 = Release|Any CPU
	EndGlobalSection
	GlobalSection(SolutionProperties) = preSolution
		HideSolutionNode = FALSE
	EndGlobalSection
	GlobalSection(ExtensibilityGlobals) = postSolution
		SolutionGuid = {FD5BACFF-3577-4B6A-B8BB-1E2534E70521}
	EndGlobalSection
EndGlobal
